
Microsoft Visual Studio Solution File, Format Version 12.00
# Visual Studio 15
VisualStudioVersion = 15.0.27703.2035
MinimumVisualStudioVersion = 10.0.40219.1
Project("{FAE04EC0-301F-11D3-BF4B-00C04F79EFBC}") = "LibWebSystem", "LibWebSystem\LibWebSystem.csproj", "{7110316B-D4A8-467F-8601-667689582D0E}"
EndProject
Project("{FAE04EC0-301F-11D3-BF4B-00C04F79EFBC}") = "WebApiLib", "WebApiLib\WebApiLib.csproj", "{8056D080-CC7E-4650-B5B0-13D920787408}"
EndProject
Project("{FAE04EC0-301F-11D3-BF4B-00C04F79EFBC}") = "Infraestrutura", "Infraestrutura\Infraestrutura.csproj", "{37BC9FE5-517E-4F78-A1ED-BC4D5CF8C2C3}"
EndProject
Global
	GlobalSection(SolutionConfigurationPlatforms) = preSolution
		Debug|Any CPU = Debug|Any CPU
		Release|Any CPU = Release|Any CPU
	EndGlobalSection
	GlobalSection(ProjectConfigurationPlatforms) = postSolution
		{7110316B-D4A8-467F-8601-667689582D0E}.Debug|Any CPU.ActiveCfg = Debug|Any CPU
		{7110316B-D4A8-467F-8601-667689582D0E}.Debug|Any CPU.Build.0 = Debug|Any CPU
		{7110316B-D4A8-467F-8601-667689582D0E}.Release|Any CPU.ActiveCfg = Release|Any CPU
		{7110316B-D4A8-467F-8601-667689582D0E}.Release|Any CPU.Build.0 = Release|Any CPU
		{8056D080-CC7E-4650-B5B0-13D920787408}.Debug|Any CPU.ActiveCfg = Debug|Any CPU
		{8056D080-CC7E-4650-B5B0-13D920787408}.Debug|Any CPU.Build.0 = Debug|Any CPU
		{8056D080-CC7E-4650-B5B0-13D920787408}.Release|Any CPU.ActiveCfg = Release|Any CPU
		{8056D080-CC7E-4650-B5B0-13D920787408}.Release|Any CPU.Build.0 = Release|Any CPU
		{37BC9FE5-517E-4F78-A1ED-BC4D5CF8C2C3}.Debug|Any CPU.ActiveCfg = Debug|Any CPU
		{37BC9FE5-517E-4F78-A1ED-BC4D5CF8C2C3}.Debug|Any CPU.Build.0 = Debug|Any CPU
		{37BC9FE5-517E-4F78-A1ED-BC4D5CF8C2C3}.Release|Any CPU.ActiveCfg = Release|Any CPU
		{37BC9FE5-517E-4F78-A1ED-BC4D5CF8C2C3}.Release|Any CPU.Build.0 = Release|Any CPU
	EndGlobalSection
	GlobalSection(SolutionProperties) = preSolution
		HideSolutionNode = FALSE
	EndGlobalSection
	GlobalSection(ExtensibilityGlobals) = postSolution
		SolutionGuid = {7BC5F013-D382-4D33-A98D-D7908DA4CCD0}
	EndGlobalSection
EndGlobal
